
Microsoft Visual Studio Solution File, Format Version 12.00
# Visual Studio Version 17
VisualStudioVersion = 17.5.002.0
MinimumVisualStudioVersion = 10.0.40219.1
Project("{9A19103F-16F7-4668-BE54-9A1E7A4F7556}") = "Practice", "Practice.csproj", "{16061533-B2FF-40D3-95B6-39F922563371}"
EndProject
Global
	GlobalSection(SolutionConfigurationPlatforms) = preSolution
		Debug|Any CPU = Debug|Any CPU
		Release|Any CPU = Release|Any CPU
	EndGlobalSection
	GlobalSection(ProjectConfigurationPlatforms) = postSolution
		{16061533-B2FF-40D3-95B6-39F922563371}.Debug|Any CPU.ActiveCfg = Debug|Any CPU
		{16061533-B2FF-40D3-95B6-39F922563371}.Debug|Any CPU.Build.0 = Debug|Any CPU
		{16061533-B2FF-40D3-95B6-39F922563371}.Release|Any CPU.ActiveCfg = Release|Any CPU
		{16061533-B2FF-40D3-95B6-39F922563371}.Release|Any CPU.Build.0 = Release|Any CPU
	EndGlobalSection
	GlobalSection(SolutionProperties) = preSolution
		HideSolutionNode = FALSE
	EndGlobalSection
	GlobalSection(ExtensibilityGlobals) = postSolution
		SolutionGuid = {EAC1E814-9DBD-43A1-8A97-273B681E868C}
	EndGlobalSection
EndGlobal
