
Microsoft Visual Studio Solution File, Format Version 12.00
# Visual Studio Version 17
VisualStudioVersion = 17.5.002.0
MinimumVisualStudioVersion = 10.0.40219.1
Project("{2150E333-8FDC-42A3-9474-1A3956D46DE8}") = "Udemy", "Udemy", "{0968700F-65AC-43FA-92DE-FD7B8F35885B}"
EndProject
Project("{2150E333-8FDC-42A3-9474-1A3956D46DE8}") = "CSharp", "CSharp", "{865CD89C-12FE-487D-B525-5CC99931938E}"
EndProject
Project("{2150E333-8FDC-42A3-9474-1A3956D46DE8}") = "Excercices", "Excercices", "{1A07CF9C-B7A2-47C0-AE97-FDB25D532491}"
EndProject
Project("{9A19103F-16F7-4668-BE54-9A1E7A4F7556}") = "Ex1", "Udemy\CSharp\Excercices\Ex1\Ex1.csproj", "{317A6E8E-AF52-4DE2-800A-0ADEB88E4894}"
EndProject
Project("{9A19103F-16F7-4668-BE54-9A1E7A4F7556}") = "Ex2", "Udemy\CSharp\Excercices\Ex2\Ex2.csproj", "{BF2CA2A3-7C7E-4858-A09A-291CA0A79BEB}"
EndProject
Project("{9A19103F-16F7-4668-BE54-9A1E7A4F7556}") = "Ex3", "Udemy\CSharp\Excercices\Ex3\Ex3.csproj", "{2E8522B6-A509-4E81-9A21-B56613008FC0}"
EndProject
Project("{9A19103F-16F7-4668-BE54-9A1E7A4F7556}") = "Ex4", "Udemy\CSharp\Excercices\Ex4\Ex4.csproj", "{4A5E686A-6085-4474-9292-F842E2A4A3D8}"
EndProject
Project("{9A19103F-16F7-4668-BE54-9A1E7A4F7556}") = "Ex5", "Udemy\CSharp\Excercices\Ex5\Ex5.csproj", "{309257D1-434E-4FCC-BB71-813CF8F3A2E1}"
EndProject
Project("{9A19103F-16F7-4668-BE54-9A1E7A4F7556}") = "project", "Udemy\CSharp\Excercices\model\project.csproj", "{25211A07-C104-4902-8D42-F0DDE5D4DD56}"
EndProject
Global
	GlobalSection(SolutionConfigurationPlatforms) = preSolution
		Debug|Any CPU = Debug|Any CPU
		Release|Any CPU = Release|Any CPU
	EndGlobalSection
	GlobalSection(ProjectConfigurationPlatforms) = postSolution
		{317A6E8E-AF52-4DE2-800A-0ADEB88E4894}.Debug|Any CPU.ActiveCfg = Debug|Any CPU
		{317A6E8E-AF52-4DE2-800A-0ADEB88E4894}.Debug|Any CPU.Build.0 = Debug|Any CPU
		{317A6E8E-AF52-4DE2-800A-0ADEB88E4894}.Release|Any CPU.ActiveCfg = Release|Any CPU
		{317A6E8E-AF52-4DE2-800A-0ADEB88E4894}.Release|Any CPU.Build.0 = Release|Any CPU
		{BF2CA2A3-7C7E-4858-A09A-291CA0A79BEB}.Debug|Any CPU.ActiveCfg = Debug|Any CPU
		{BF2CA2A3-7C7E-4858-A09A-291CA0A79BEB}.Debug|Any CPU.Build.0 = Debug|Any CPU
		{BF2CA2A3-7C7E-4858-A09A-291CA0A79BEB}.Release|Any CPU.ActiveCfg = Release|Any CPU
		{BF2CA2A3-7C7E-4858-A09A-291CA0A79BEB}.Release|Any CPU.Build.0 = Release|Any CPU
		{2E8522B6-A509-4E81-9A21-B56613008FC0}.Debug|Any CPU.ActiveCfg = Debug|Any CPU
		{2E8522B6-A509-4E81-9A21-B56613008FC0}.Debug|Any CPU.Build.0 = Debug|Any CPU
		{2E8522B6-A509-4E81-9A21-B56613008FC0}.Release|Any CPU.ActiveCfg = Release|Any CPU
		{2E8522B6-A509-4E81-9A21-B56613008FC0}.Release|Any CPU.Build.0 = Release|Any CPU
		{4A5E686A-6085-4474-9292-F842E2A4A3D8}.Debug|Any CPU.ActiveCfg = Debug|Any CPU
		{4A5E686A-6085-4474-9292-F842E2A4A3D8}.Debug|Any CPU.Build.0 = Debug|Any CPU
		{4A5E686A-6085-4474-9292-F842E2A4A3D8}.Release|Any CPU.ActiveCfg = Release|Any CPU
		{4A5E686A-6085-4474-9292-F842E2A4A3D8}.Release|Any CPU.Build.0 = Release|Any CPU
		{309257D1-434E-4FCC-BB71-813CF8F3A2E1}.Debug|Any CPU.ActiveCfg = Debug|Any CPU
		{309257D1-434E-4FCC-BB71-813CF8F3A2E1}.Debug|Any CPU.Build.0 = Debug|Any CPU
		{309257D1-434E-4FCC-BB71-813CF8F3A2E1}.Release|Any CPU.ActiveCfg = Release|Any CPU
		{309257D1-434E-4FCC-BB71-813CF8F3A2E1}.Release|Any CPU.Build.0 = Release|Any CPU
		{25211A07-C104-4902-8D42-F0DDE5D4DD56}.Debug|Any CPU.ActiveCfg = Debug|Any CPU
		{25211A07-C104-4902-8D42-F0DDE5D4DD56}.Debug|Any CPU.Build.0 = Debug|Any CPU
		{25211A07-C104-4902-8D42-F0DDE5D4DD56}.Release|Any CPU.ActiveCfg = Release|Any CPU
		{25211A07-C104-4902-8D42-F0DDE5D4DD56}.Release|Any CPU.Build.0 = Release|Any CPU
	EndGlobalSection
	GlobalSection(SolutionProperties) = preSolution
		HideSolutionNode = FALSE
	EndGlobalSection
	GlobalSection(NestedProjects) = preSolution
		{865CD89C-12FE-487D-B525-5CC99931938E} = {0968700F-65AC-43FA-92DE-FD7B8F35885B}
		{1A07CF9C-B7A2-47C0-AE97-FDB25D532491} = {865CD89C-12FE-487D-B525-5CC99931938E}
		{317A6E8E-AF52-4DE2-800A-0ADEB88E4894} = {1A07CF9C-B7A2-47C0-AE97-FDB25D532491}
		{BF2CA2A3-7C7E-4858-A09A-291CA0A79BEB} = {1A07CF9C-B7A2-47C0-AE97-FDB25D532491}
		{2E8522B6-A509-4E81-9A21-B56613008FC0} = {1A07CF9C-B7A2-47C0-AE97-FDB25D532491}
		{4A5E686A-6085-4474-9292-F842E2A4A3D8} = {1A07CF9C-B7A2-47C0-AE97-FDB25D532491}
		{309257D1-434E-4FCC-BB71-813CF8F3A2E1} = {1A07CF9C-B7A2-47C0-AE97-FDB25D532491}
		{25211A07-C104-4902-8D42-F0DDE5D4DD56} = {1A07CF9C-B7A2-47C0-AE97-FDB25D532491}
	EndGlobalSection
	GlobalSection(ExtensibilityGlobals) = postSolution
		SolutionGuid = {A9D46D30-96BA-40AA-90BC-355053DDD75C}
	EndGlobalSection
EndGlobal
