
Microsoft Visual Studio Solution File, Format Version 12.00
# Visual Studio Version 17
VisualStudioVersion = 17.5.002.0
MinimumVisualStudioVersion = 10.0.40219.1
Project("{2150E333-8FDC-42A3-9474-1A3956D46DE8}") = "Udemy", "Udemy", "{BF7DF60B-AFA3-41DB-9666-DD03CD294642}"
EndProject
Project("{2150E333-8FDC-42A3-9474-1A3956D46DE8}") = "CSharp", "CSharp", "{2B592C18-4B23-4B75-A0B4-A815386EC39C}"
EndProject
Project("{2150E333-8FDC-42A3-9474-1A3956D46DE8}") = "Excercices", "Excercices", "{7081FE71-112B-4AF7-B892-C0E6A33CBBD9}"
EndProject
Project("{9A19103F-16F7-4668-BE54-9A1E7A4F7556}") = "Model", "Udemy\CSharp\Excercices\model\Model.csproj", "{49BA3648-7030-4013-BF1E-8862630F712B}"
EndProject
Project("{2150E333-8FDC-42A3-9474-1A3956D46DE8}") = "List1", "List1", "{63AFAF07-2E60-4442-AD60-3B8DFB2E9529}"
EndProject
Project("{9A19103F-16F7-4668-BE54-9A1E7A4F7556}") = "Ex1", "Udemy\CSharp\Excercices\List1\Ex1\Ex1.csproj", "{FE534E50-FE31-466F-8C9F-B4EDCECEEF2B}"
EndProject
Project("{9A19103F-16F7-4668-BE54-9A1E7A4F7556}") = "Ex2", "Udemy\CSharp\Excercices\List1\Ex2\Ex2.csproj", "{74D164F3-33A6-47B4-9408-38720FBDB4C0}"
EndProject
Project("{9A19103F-16F7-4668-BE54-9A1E7A4F7556}") = "Ex3", "Udemy\CSharp\Excercices\List1\Ex3\Ex3.csproj", "{C3ED4BD5-DB77-4191-809C-1591F049FAF7}"
EndProject
Project("{9A19103F-16F7-4668-BE54-9A1E7A4F7556}") = "Ex4", "Udemy\CSharp\Excercices\List1\Ex4\Ex4.csproj", "{A28939E6-B23A-42A6-9B31-FB13B9BA2517}"
EndProject
Project("{9A19103F-16F7-4668-BE54-9A1E7A4F7556}") = "Ex5", "Udemy\CSharp\Excercices\List1\Ex5\Ex5.csproj", "{09C1DCFB-A15E-4F3C-BFC6-AABB7FC31617}"
EndProject
Project("{9A19103F-16F7-4668-BE54-9A1E7A4F7556}") = "Ex6", "Udemy\CSharp\Excercices\List1\Ex6\Ex6.csproj", "{0E3BA005-49C3-4EFD-A334-940881FF2620}"
EndProject
Project("{2150E333-8FDC-42A3-9474-1A3956D46DE8}") = "List2", "List2", "{A9426C11-6FCA-4005-9E55-DBDDBAC6012D}"
EndProject
Project("{9A19103F-16F7-4668-BE54-9A1E7A4F7556}") = "Ex1", "Udemy\CSharp\Excercices\List2\Ex1\Ex1.csproj", "{0A770B74-5BDF-4ADB-94A9-A541D25AC95A}"
EndProject
Project("{9A19103F-16F7-4668-BE54-9A1E7A4F7556}") = "Ex2", "Udemy\CSharp\Excercices\List2\Ex2\Ex2.csproj", "{F45E5666-0993-4C43-9287-431BD22EC4A3}"
EndProject
Project("{9A19103F-16F7-4668-BE54-9A1E7A4F7556}") = "Ex3", "Udemy\CSharp\Excercices\List2\Ex3\Ex3.csproj", "{66A7CFCC-6F66-4883-8733-4DB0131266E6}"
EndProject
Project("{9A19103F-16F7-4668-BE54-9A1E7A4F7556}") = "Ex4", "Udemy\CSharp\Excercices\List2\Ex4\Ex4.csproj", "{9C9A257B-19C8-4E72-AA34-85E9627C4DEA}"
EndProject
Project("{9A19103F-16F7-4668-BE54-9A1E7A4F7556}") = "Ex5", "Udemy\CSharp\Excercices\List2\Ex5\Ex5.csproj", "{6ABBC108-C23F-45F6-9BAF-9F083B76992A}"
EndProject
Project("{9A19103F-16F7-4668-BE54-9A1E7A4F7556}") = "Ex6", "Udemy\CSharp\Excercices\List2\Ex6\Ex6.csproj", "{75BC43F1-712B-4A20-92E8-5066C5A57083}"
EndProject
Project("{9A19103F-16F7-4668-BE54-9A1E7A4F7556}") = "Ex7", "Udemy\CSharp\Excercices\List2\Ex7\Ex7.csproj", "{6373E811-F8EF-4D94-A9FF-40F266D12D26}"
EndProject
Project("{9A19103F-16F7-4668-BE54-9A1E7A4F7556}") = "Ex8", "Udemy\CSharp\Excercices\List2\Ex8\Ex8.csproj", "{E3F0E268-1AC8-4053-B241-F12AF8CDF546}"
EndProject
Global
	GlobalSection(SolutionConfigurationPlatforms) = preSolution
		Debug|Any CPU = Debug|Any CPU
		Release|Any CPU = Release|Any CPU
	EndGlobalSection
	GlobalSection(ProjectConfigurationPlatforms) = postSolution
		{49BA3648-7030-4013-BF1E-8862630F712B}.Debug|Any CPU.ActiveCfg = Debug|Any CPU
		{49BA3648-7030-4013-BF1E-8862630F712B}.Debug|Any CPU.Build.0 = Debug|Any CPU
		{49BA3648-7030-4013-BF1E-8862630F712B}.Release|Any CPU.ActiveCfg = Release|Any CPU
		{49BA3648-7030-4013-BF1E-8862630F712B}.Release|Any CPU.Build.0 = Release|Any CPU
		{FE534E50-FE31-466F-8C9F-B4EDCECEEF2B}.Debug|Any CPU.ActiveCfg = Debug|Any CPU
		{FE534E50-FE31-466F-8C9F-B4EDCECEEF2B}.Debug|Any CPU.Build.0 = Debug|Any CPU
		{FE534E50-FE31-466F-8C9F-B4EDCECEEF2B}.Release|Any CPU.ActiveCfg = Release|Any CPU
		{FE534E50-FE31-466F-8C9F-B4EDCECEEF2B}.Release|Any CPU.Build.0 = Release|Any CPU
		{74D164F3-33A6-47B4-9408-38720FBDB4C0}.Debug|Any CPU.ActiveCfg = Debug|Any CPU
		{74D164F3-33A6-47B4-9408-38720FBDB4C0}.Debug|Any CPU.Build.0 = Debug|Any CPU
		{74D164F3-33A6-47B4-9408-38720FBDB4C0}.Release|Any CPU.ActiveCfg = Release|Any CPU
		{74D164F3-33A6-47B4-9408-38720FBDB4C0}.Release|Any CPU.Build.0 = Release|Any CPU
		{C3ED4BD5-DB77-4191-809C-1591F049FAF7}.Debug|Any CPU.ActiveCfg = Debug|Any CPU
		{C3ED4BD5-DB77-4191-809C-1591F049FAF7}.Debug|Any CPU.Build.0 = Debug|Any CPU
		{C3ED4BD5-DB77-4191-809C-1591F049FAF7}.Release|Any CPU.ActiveCfg = Release|Any CPU
		{C3ED4BD5-DB77-4191-809C-1591F049FAF7}.Release|Any CPU.Build.0 = Release|Any CPU
		{A28939E6-B23A-42A6-9B31-FB13B9BA2517}.Debug|Any CPU.ActiveCfg = Debug|Any CPU
		{A28939E6-B23A-42A6-9B31-FB13B9BA2517}.Debug|Any CPU.Build.0 = Debug|Any CPU
		{A28939E6-B23A-42A6-9B31-FB13B9BA2517}.Release|Any CPU.ActiveCfg = Release|Any CPU
		{A28939E6-B23A-42A6-9B31-FB13B9BA2517}.Release|Any CPU.Build.0 = Release|Any CPU
		{09C1DCFB-A15E-4F3C-BFC6-AABB7FC31617}.Debug|Any CPU.ActiveCfg = Debug|Any CPU
		{09C1DCFB-A15E-4F3C-BFC6-AABB7FC31617}.Debug|Any CPU.Build.0 = Debug|Any CPU
		{09C1DCFB-A15E-4F3C-BFC6-AABB7FC31617}.Release|Any CPU.ActiveCfg = Release|Any CPU
		{09C1DCFB-A15E-4F3C-BFC6-AABB7FC31617}.Release|Any CPU.Build.0 = Release|Any CPU
		{0E3BA005-49C3-4EFD-A334-940881FF2620}.Debug|Any CPU.ActiveCfg = Debug|Any CPU
		{0E3BA005-49C3-4EFD-A334-940881FF2620}.Debug|Any CPU.Build.0 = Debug|Any CPU
		{0E3BA005-49C3-4EFD-A334-940881FF2620}.Release|Any CPU.ActiveCfg = Release|Any CPU
		{0E3BA005-49C3-4EFD-A334-940881FF2620}.Release|Any CPU.Build.0 = Release|Any CPU
		{0A770B74-5BDF-4ADB-94A9-A541D25AC95A}.Debug|Any CPU.ActiveCfg = Debug|Any CPU
		{0A770B74-5BDF-4ADB-94A9-A541D25AC95A}.Debug|Any CPU.Build.0 = Debug|Any CPU
		{0A770B74-5BDF-4ADB-94A9-A541D25AC95A}.Release|Any CPU.ActiveCfg = Release|Any CPU
		{0A770B74-5BDF-4ADB-94A9-A541D25AC95A}.Release|Any CPU.Build.0 = Release|Any CPU
		{F45E5666-0993-4C43-9287-431BD22EC4A3}.Debug|Any CPU.ActiveCfg = Debug|Any CPU
		{F45E5666-0993-4C43-9287-431BD22EC4A3}.Debug|Any CPU.Build.0 = Debug|Any CPU
		{F45E5666-0993-4C43-9287-431BD22EC4A3}.Release|Any CPU.ActiveCfg = Release|Any CPU
		{F45E5666-0993-4C43-9287-431BD22EC4A3}.Release|Any CPU.Build.0 = Release|Any CPU
		{66A7CFCC-6F66-4883-8733-4DB0131266E6}.Debug|Any CPU.ActiveCfg = Debug|Any CPU
		{66A7CFCC-6F66-4883-8733-4DB0131266E6}.Debug|Any CPU.Build.0 = Debug|Any CPU
		{66A7CFCC-6F66-4883-8733-4DB0131266E6}.Release|Any CPU.ActiveCfg = Release|Any CPU
		{66A7CFCC-6F66-4883-8733-4DB0131266E6}.Release|Any CPU.Build.0 = Release|Any CPU
		{9C9A257B-19C8-4E72-AA34-85E9627C4DEA}.Debug|Any CPU.ActiveCfg = Debug|Any CPU
		{9C9A257B-19C8-4E72-AA34-85E9627C4DEA}.Debug|Any CPU.Build.0 = Debug|Any CPU
		{9C9A257B-19C8-4E72-AA34-85E9627C4DEA}.Release|Any CPU.ActiveCfg = Release|Any CPU
		{9C9A257B-19C8-4E72-AA34-85E9627C4DEA}.Release|Any CPU.Build.0 = Release|Any CPU
		{6ABBC108-C23F-45F6-9BAF-9F083B76992A}.Debug|Any CPU.ActiveCfg = Debug|Any CPU
		{6ABBC108-C23F-45F6-9BAF-9F083B76992A}.Debug|Any CPU.Build.0 = Debug|Any CPU
		{6ABBC108-C23F-45F6-9BAF-9F083B76992A}.Release|Any CPU.ActiveCfg = Release|Any CPU
		{6ABBC108-C23F-45F6-9BAF-9F083B76992A}.Release|Any CPU.Build.0 = Release|Any CPU
		{75BC43F1-712B-4A20-92E8-5066C5A57083}.Debug|Any CPU.ActiveCfg = Debug|Any CPU
		{75BC43F1-712B-4A20-92E8-5066C5A57083}.Debug|Any CPU.Build.0 = Debug|Any CPU
		{75BC43F1-712B-4A20-92E8-5066C5A57083}.Release|Any CPU.ActiveCfg = Release|Any CPU
		{75BC43F1-712B-4A20-92E8-5066C5A57083}.Release|Any CPU.Build.0 = Release|Any CPU
		{6373E811-F8EF-4D94-A9FF-40F266D12D26}.Debug|Any CPU.ActiveCfg = Debug|Any CPU
		{6373E811-F8EF-4D94-A9FF-40F266D12D26}.Debug|Any CPU.Build.0 = Debug|Any CPU
		{6373E811-F8EF-4D94-A9FF-40F266D12D26}.Release|Any CPU.ActiveCfg = Release|Any CPU
		{6373E811-F8EF-4D94-A9FF-40F266D12D26}.Release|Any CPU.Build.0 = Release|Any CPU
		{E3F0E268-1AC8-4053-B241-F12AF8CDF546}.Debug|Any CPU.ActiveCfg = Debug|Any CPU
		{E3F0E268-1AC8-4053-B241-F12AF8CDF546}.Debug|Any CPU.Build.0 = Debug|Any CPU
		{E3F0E268-1AC8-4053-B241-F12AF8CDF546}.Release|Any CPU.ActiveCfg = Release|Any CPU
		{E3F0E268-1AC8-4053-B241-F12AF8CDF546}.Release|Any CPU.Build.0 = Release|Any CPU
	EndGlobalSection
	GlobalSection(SolutionProperties) = preSolution
		HideSolutionNode = FALSE
	EndGlobalSection
	GlobalSection(NestedProjects) = preSolution
		{2B592C18-4B23-4B75-A0B4-A815386EC39C} = {BF7DF60B-AFA3-41DB-9666-DD03CD294642}
		{7081FE71-112B-4AF7-B892-C0E6A33CBBD9} = {2B592C18-4B23-4B75-A0B4-A815386EC39C}
		{49BA3648-7030-4013-BF1E-8862630F712B} = {7081FE71-112B-4AF7-B892-C0E6A33CBBD9}
		{63AFAF07-2E60-4442-AD60-3B8DFB2E9529} = {7081FE71-112B-4AF7-B892-C0E6A33CBBD9}
		{FE534E50-FE31-466F-8C9F-B4EDCECEEF2B} = {63AFAF07-2E60-4442-AD60-3B8DFB2E9529}
		{74D164F3-33A6-47B4-9408-38720FBDB4C0} = {63AFAF07-2E60-4442-AD60-3B8DFB2E9529}
		{C3ED4BD5-DB77-4191-809C-1591F049FAF7} = {63AFAF07-2E60-4442-AD60-3B8DFB2E9529}
		{A28939E6-B23A-42A6-9B31-FB13B9BA2517} = {63AFAF07-2E60-4442-AD60-3B8DFB2E9529}
		{09C1DCFB-A15E-4F3C-BFC6-AABB7FC31617} = {63AFAF07-2E60-4442-AD60-3B8DFB2E9529}
		{0E3BA005-49C3-4EFD-A334-940881FF2620} = {63AFAF07-2E60-4442-AD60-3B8DFB2E9529}
		{A9426C11-6FCA-4005-9E55-DBDDBAC6012D} = {7081FE71-112B-4AF7-B892-C0E6A33CBBD9}
		{0A770B74-5BDF-4ADB-94A9-A541D25AC95A} = {A9426C11-6FCA-4005-9E55-DBDDBAC6012D}
		{F45E5666-0993-4C43-9287-431BD22EC4A3} = {A9426C11-6FCA-4005-9E55-DBDDBAC6012D}
		{66A7CFCC-6F66-4883-8733-4DB0131266E6} = {A9426C11-6FCA-4005-9E55-DBDDBAC6012D}
		{9C9A257B-19C8-4E72-AA34-85E9627C4DEA} = {A9426C11-6FCA-4005-9E55-DBDDBAC6012D}
		{6ABBC108-C23F-45F6-9BAF-9F083B76992A} = {A9426C11-6FCA-4005-9E55-DBDDBAC6012D}
		{75BC43F1-712B-4A20-92E8-5066C5A57083} = {A9426C11-6FCA-4005-9E55-DBDDBAC6012D}
		{6373E811-F8EF-4D94-A9FF-40F266D12D26} = {A9426C11-6FCA-4005-9E55-DBDDBAC6012D}
		{E3F0E268-1AC8-4053-B241-F12AF8CDF546} = {A9426C11-6FCA-4005-9E55-DBDDBAC6012D}
	EndGlobalSection
	GlobalSection(ExtensibilityGlobals) = postSolution
		SolutionGuid = {597B2D13-1773-4BF3-B2F4-B1A9B411FA9E}
	EndGlobalSection
EndGlobal
