
Microsoft Visual Studio Solution File, Format Version 12.00
# Visual Studio Version 17
VisualStudioVersion = 17.5.002.0
MinimumVisualStudioVersion = 10.0.40219.1
Project("{9A19103F-16F7-4668-BE54-9A1E7A4F7556}") = "Matrix", "Matrix.csproj", "{EAF88971-D92C-4E97-936B-6E68EDD3E878}"
EndProject
Global
	GlobalSection(SolutionConfigurationPlatforms) = preSolution
		Debug|Any CPU = Debug|Any CPU
		Release|Any CPU = Release|Any CPU
	EndGlobalSection
	GlobalSection(ProjectConfigurationPlatforms) = postSolution
		{EAF88971-D92C-4E97-936B-6E68EDD3E878}.Debug|Any CPU.ActiveCfg = Debug|Any CPU
		{EAF88971-D92C-4E97-936B-6E68EDD3E878}.Debug|Any CPU.Build.0 = Debug|Any CPU
		{EAF88971-D92C-4E97-936B-6E68EDD3E878}.Release|Any CPU.ActiveCfg = Release|Any CPU
		{EAF88971-D92C-4E97-936B-6E68EDD3E878}.Release|Any CPU.Build.0 = Release|Any CPU
	EndGlobalSection
	GlobalSection(SolutionProperties) = preSolution
		HideSolutionNode = FALSE
	EndGlobalSection
	GlobalSection(ExtensibilityGlobals) = postSolution
		SolutionGuid = {37C9C3B2-1550-4CE7-A85D-603F84F1BC68}
	EndGlobalSection
EndGlobal
