
Microsoft Visual Studio Solution File, Format Version 12.00
# Visual Studio Version 17
VisualStudioVersion = 17.5.002.0
MinimumVisualStudioVersion = 10.0.40219.1
Project("{9A19103F-16F7-4668-BE54-9A1E7A4F7556}") = "CostManager", "CostManager.csproj", "{38A0954C-88DC-451D-9208-FE1986B700AA}"
EndProject
Global
	GlobalSection(SolutionConfigurationPlatforms) = preSolution
		Debug|Any CPU = Debug|Any CPU
		Release|Any CPU = Release|Any CPU
	EndGlobalSection
	GlobalSection(ProjectConfigurationPlatforms) = postSolution
		{38A0954C-88DC-451D-9208-FE1986B700AA}.Debug|Any CPU.ActiveCfg = Debug|Any CPU
		{38A0954C-88DC-451D-9208-FE1986B700AA}.Debug|Any CPU.Build.0 = Debug|Any CPU
		{38A0954C-88DC-451D-9208-FE1986B700AA}.Release|Any CPU.ActiveCfg = Release|Any CPU
		{38A0954C-88DC-451D-9208-FE1986B700AA}.Release|Any CPU.Build.0 = Release|Any CPU
	EndGlobalSection
	GlobalSection(SolutionProperties) = preSolution
		HideSolutionNode = FALSE
	EndGlobalSection
	GlobalSection(ExtensibilityGlobals) = postSolution
		SolutionGuid = {1344FB29-DE69-4CBA-8DFD-78DC0EEB8520}
	EndGlobalSection
EndGlobal
